<Solution>
  <Project Path="Alıştırmalar3(Hafta5)/Alıştırmalar3(Hafta5).csproj" />
  <Project Path="soru10/soru10.csproj" Id="4f62b5b0-d299-4544-94c2-7f3f86a088d2" />
  <Project Path="soru11/soru11.csproj" Id="982fd6cd-04d8-4400-8f51-2ce01db44225" />
  <Project Path="soru12/soru12.csproj" Id="41cef06d-f2f9-4a20-9989-a9f584f62dbd" />
  <Project Path="soru13/soru13.csproj" Id="0f7b938b-0bc5-4c25-bbcd-cf12d74f7a3a" />
  <Project Path="soru14/soru14.csproj" Id="bd4089df-bc6d-4df7-904b-4c67b659fe4e" />
  <Project Path="soru15/soru15.csproj" Id="4951ce3a-f593-40f9-b0ab-7c7681c2c621" />
  <Project Path="soru16/soru16.csproj" Id="f03153b0-20f7-48d5-aa23-3bfe86c7267a" />
  <Project Path="soru17/soru17.csproj" Id="d8afd04b-1775-4d3e-917b-777c1b954388" />
  <Project Path="soru18/soru18.csproj" Id="7f7d4fa0-dcee-4369-82fd-579b22fba126" />
  <Project Path="soru19/soru19.csproj" Id="9fd553a4-7f1a-430b-8e27-fe55f2ce4eef" />
  <Project Path="soru2/soru2.csproj" />
  <Project Path="soru20/soru20.csproj" Id="dd5f159c-9e9a-4a48-b125-002b1e627a53" />
  <Project Path="soru21/soru21.csproj" Id="06edd555-865f-45e2-af17-016a4dc7b268" />
  <Project Path="soru22/soru22.csproj" Id="8310801f-05bc-46da-ac31-b537bb256f8e" />
  <Project Path="soru23/soru23.csproj" />
  <Project Path="soru24/soru24.csproj" />
  <Project Path="soru25/soru25.csproj" />
  <Project Path="soru3/soru3.csproj" />
  <Project Path="soru4/soru4.csproj" />
  <Project Path="soru5/soru5.csproj" />
  <Project Path="soru6/soru6.csproj" />
  <Project Path="soru7/soru7.csproj" Id="cc7e1734-df70-4a7c-8399-bad17c86c059" />
  <Project Path="soru8/soru8.csproj" Id="06dcb0f5-48fb-42bb-94db-b223dba0a2e0" />
  <Project Path="soru9/soru9.csproj" Id="cacc29e3-7115-4163-8129-5572eb703ce1" />
</Solution>
