<Solution>
  <Project Path="Alıştırmalar1(Hafta3)/Alıştırmalar1(Hafta3).csproj" />
  <Project Path="soru10/soru10.csproj" Id="4c80d24c-82d0-4c12-a098-cc068a7e6439" />
  <Project Path="soru11/soru11.csproj" Id="5a7b7eb5-780c-4c2e-940c-e80081a69e3f" />
  <Project Path="soru12/soru12.csproj" Id="f8004997-950a-4a99-9171-55586fc24a9e" />
  <Project Path="soru13/soru13.csproj" Id="1b2ece4d-d9cd-4c2d-989e-dd9e4731c685" />
  <Project Path="soru14/soru14.csproj" Id="c3cb5496-9cdc-47a3-8406-4b402aac0d92" />
  <Project Path="soru15/soru15.csproj" Id="335baab2-b68f-4f24-b98b-4c8aa08bc0cf" />
  <Project Path="soru16/soru16.csproj" Id="a928d5a6-42f5-443b-ae1b-9b129ba7af31" />
  <Project Path="soru17/soru17.csproj" Id="95a25b82-ab96-4c88-b68c-60625accadc1" />
  <Project Path="soru18/soru18.csproj" Id="8b662e7b-c809-40ea-ace2-5413bdb0e306" />
  <Project Path="soru19/soru19.csproj" Id="08c4013f-d5fc-4651-be56-0ca59da6cc93" />
  <Project Path="soru2/soru2.csproj" />
  <Project Path="soru20/soru20.csproj" Id="4e4546e7-5fd3-47d1-a6da-9dc9ea5829fe" />
  <Project Path="soru21/soru21.csproj" Id="a85de77a-29e4-4541-ad7c-3d5dfbe2c4a6" />
  <Project Path="soru22/soru22.csproj" Id="80b05029-4dd8-4b6e-8593-edcb909d88f5" />
  <Project Path="soru23/soru23.csproj" Id="8cb08607-0a38-4ae1-993c-e1e5389bd151" />
  <Project Path="soru24/soru24.csproj" Id="951d1e67-433f-446f-af7e-dddb8df06bb3" />
  <Project Path="soru25/soru25.csproj" Id="bbb153ee-f061-4e4c-8601-b5f5b1ca4b72" />
  <Project Path="soru26/soru26.csproj" Id="78de8770-43d4-48c9-a16c-5e1507658e18" />
  <Project Path="soru27/soru27.csproj" Id="24f1698f-0678-485c-bf74-e661e71350b5" />
  <Project Path="soru28/soru28.csproj" Id="9dad1763-ff13-4649-95a1-a9792687e4f4" />
  <Project Path="soru29/soru29.csproj" Id="ed3bc9f9-abed-45e1-a594-06694e49ba9a" />
  <Project Path="soru3/soru3.csproj" />
  <Project Path="soru30/soru30.csproj" Id="2ad48e4f-95e4-431d-af89-c2f8925b2cd9" />
  <Project Path="soru31/soru31.csproj" Id="1ad060da-7b7b-4d88-9de5-11fb8fe26277" />
  <Project Path="soru32/soru32.csproj" Id="3b04d599-0623-4952-b9a8-67b17db74760" />
  <Project Path="soru33/soru33.csproj" Id="acfeb4c1-cb6f-4e9e-9446-b2f2aca2dc4b" />
  <Project Path="soru34/soru34.csproj" Id="dcebb243-1a8c-4116-bc4a-62ea208219dc" />
  <Project Path="soru35/soru35.csproj" Id="dc45a6bf-5beb-4906-bd4f-585b8bee2afe" />
  <Project Path="soru4/soru4.csproj" />
  <Project Path="soru5/soru5.csproj" />
  <Project Path="soru6/soru6.csproj" />
  <Project Path="soru7/soru7.csproj" Id="664e57e9-ecbc-4192-a1ef-93ef958a3aaf" />
  <Project Path="soru8/soru8.csproj" Id="218b60cf-82ff-4e29-acaf-7de99a15399e" />
  <Project Path="soru9/soru9.csproj" Id="5b09f459-62a6-4a70-aac8-70c07e3692c6" />
</Solution>
