<Solution>
  <Project Path="Alıştırmalar4(Hafta8)/Alıştırmalar4(Hafta8).csproj" />
  <Project Path="soru10/soru10.csproj" Id="161e3ebb-7c4d-4f0a-a7ff-62e0e3b4f03e" />
  <Project Path="soru11/soru11.csproj" Id="3547843f-5c7d-453f-8f48-f72b901da4ab" />
  <Project Path="soru12/soru12.csproj" Id="5a4039ce-708f-4645-a0d7-0d6b7b833c8b" />
  <Project Path="soru13/soru13.csproj" Id="f1d2da57-b1d9-47e8-a692-c745e9c8f77b" />
  <Project Path="soru14/soru14.csproj" Id="82c1e987-b04f-4a93-99b3-314743f0af85" />
  <Project Path="soru15/soru15.csproj" Id="4c212770-86fb-470e-8d1f-3c377cd8a6cd" />
  <Project Path="soru16/soru16.csproj" Id="3178ceb4-a522-485c-aae0-ee6fb03521f4" />
  <Project Path="soru17/soru17.csproj" Id="da8ca107-61c1-4f82-8abf-49bbe7eca7c0" />
  <Project Path="soru18/soru18.csproj" Id="ebf34cd7-8c9d-4397-acc3-57c153a864f3" />
  <Project Path="soru19/soru19.csproj" Id="8b5060ae-2f88-45b7-bdb3-573e6947ff27" />
  <Project Path="soru2/soru2.csproj" />
  <Project Path="soru20/soru20.csproj" Id="a58dd460-f3e3-4732-a6d9-3174eaf117db" />
  <Project Path="soru3/soru3.csproj" />
  <Project Path="soru4/soru4.csproj" Id="06a8fde0-52ea-4854-b4d7-c9b0cf97e34b" />
  <Project Path="soru5/soru5.csproj" Id="355dd4e2-645d-4499-bcc3-ba95cfaf7930" />
  <Project Path="soru6/soru6.csproj" Id="b51833b0-306d-4933-89bb-811a6c80e6e9" />
  <Project Path="soru7/soru7.csproj" Id="f8dfd0d0-cb90-4dfe-8974-432a4b02350d" />
  <Project Path="soru8/soru8.csproj" Id="f9c60d6e-487f-43b3-bc95-128496c6f121" />
  <Project Path="soru9/soru9.csproj" Id="5721a498-9819-49d5-ab2f-2ff7a417ef8e" />
</Solution>
